{
  "nodes": {
    "docs-search": {
      "flake": false,
      "locked": {
        "lastModified": 1763841007,
        "narHash": "sha256-svaDk802F1lDreAXkL2/mynZF9nYGbO+je/IsVSliP4=",
        "owner": "mstream",
        "repo": "purescript-docs-search",
        "rev": "4f8d81c9ce23602b119e26c295b4844466f9b9f0",
        "type": "github"
      },
      "original": {
        "owner": "mstream",
        "ref": "master",
        "repo": "purescript-docs-search",
        "type": "github"
      }
    },
    "flake-compat": {
      "locked": {
        "lastModified": 1733328505,
        "narHash": "sha256-NeCCThCEP3eCl2l/+27kNNK7QrwZB1IJCrXfrbv5oqU=",
        "owner": "edolstra",
        "repo": "flake-compat",
        "rev": "ff81ac966bb2cae68946d5ed5fc4994f96d0ffec",
        "type": "github"
      },
      "original": {
        "owner": "edolstra",
        "repo": "flake-compat",
        "type": "github"
      }
    },
    "flake-utils": {
      "locked": {
        "lastModified": 1644229661,
        "narHash": "sha256-1YdnJAsNy69bpcjuoKdOYQX0YxZBiCYZo4Twxerqv7k=",
        "owner": "numtide",
        "repo": "flake-utils",
        "rev": "3cecb5b042f7f209c56ffd8371b2711a290ec797",
        "type": "github"
      },
      "original": {
        "owner": "numtide",
        "repo": "flake-utils",
        "type": "github"
      }
    },
    "flake-utils_2": {
      "locked": {
        "lastModified": 1618217525,
        "narHash": "sha256-WGrhVczjXTiswQaoxQ+0PTfbLNeOQM6M36zvLn78AYg=",
        "owner": "numtide",
        "repo": "flake-utils",
        "rev": "c6169a2772643c4a93a0b5ac1c61e296cba68544",
        "type": "github"
      },
      "original": {
        "owner": "numtide",
        "repo": "flake-utils",
        "type": "github"
      }
    },
    "flake-utils_3": {
      "locked": {
        "lastModified": 1618217525,
        "narHash": "sha256-WGrhVczjXTiswQaoxQ+0PTfbLNeOQM6M36zvLn78AYg=",
        "owner": "numtide",
        "repo": "flake-utils",
        "rev": "c6169a2772643c4a93a0b5ac1c61e296cba68544",
        "type": "github"
      },
      "original": {
        "owner": "numtide",
        "repo": "flake-utils",
        "type": "github"
      }
    },
    "get-flake": {
      "inputs": {
        "flake-compat": "flake-compat"
      },
      "locked": {
        "lastModified": 1745945175,
        "narHash": "sha256-JGDbJRl5v1snA4JX+yp6m3UA6Mazr59Hrgz+UhhP91M=",
        "owner": "ursi",
        "repo": "get-flake",
        "rev": "38401aa2b3a99c77d0c02727471e99e7de2fc366",
        "type": "github"
      },
      "original": {
        "owner": "ursi",
        "repo": "get-flake",
        "type": "github"
      }
    },
    "lint-utils": {
      "inputs": {
        "flake-utils": "flake-utils",
        "nixpkgs": [
          "nixpkgs"
        ]
      },
      "locked": {
        "lastModified": 1745917180,
        "narHash": "sha256-PPo7GwCwhENsX5NuxiEdxmy++OoxUpxV+fOpTGaWYoM=",
        "owner": "homotopic",
        "repo": "lint-utils",
        "rev": "62c2fa87ba9620e2d5470d957827175c6e1c128f",
        "type": "github"
      },
      "original": {
        "owner": "homotopic",
        "repo": "lint-utils",
        "type": "github"
      }
    },
    "make-shell": {
      "locked": {
        "lastModified": 1634940815,
        "narHash": "sha256-P69OmveboXzS+es1vQGS4bt+ckwbeIExqxfGLjGuJqA=",
        "owner": "ursi",
        "repo": "nix-make-shell",
        "rev": "8add91681170924e4d0591b22f294aee3f5516f9",
        "type": "github"
      },
      "original": {
        "owner": "ursi",
        "ref": "1",
        "repo": "nix-make-shell",
        "type": "github"
      }
    },
    "make-shell_2": {
      "locked": {
        "lastModified": 1634940815,
        "narHash": "sha256-P69OmveboXzS+es1vQGS4bt+ckwbeIExqxfGLjGuJqA=",
        "owner": "ursi",
        "repo": "nix-make-shell",
        "rev": "8add91681170924e4d0591b22f294aee3f5516f9",
        "type": "github"
      },
      "original": {
        "owner": "ursi",
        "ref": "1",
        "repo": "nix-make-shell",
        "type": "github"
      }
    },
    "nixpkgs": {
      "locked": {
        "lastModified": 1763618868,
        "narHash": "sha256-v5afmLjn/uyD9EQuPBn7nZuaZVV9r+JerayK/4wvdWA=",
        "owner": "NixOS",
        "repo": "nixpkgs",
        "rev": "a8d610af3f1a5fb71e23e08434d8d61a466fc942",
        "type": "github"
      },
      "original": {
        "owner": "NixOS",
        "ref": "nixpkgs-unstable",
        "repo": "nixpkgs",
        "type": "github"
      }
    },
    "nixpkgs_2": {
      "locked": {
        "lastModified": 1656549732,
        "narHash": "sha256-eILutFZGjfk2bEzfim8S/qyYc//0S1KsCeO+OWbtoR0=",
        "owner": "NixOS",
        "repo": "nixpkgs",
        "rev": "d3248619647234b5dc74a6921bcdf6dd8323eb22",
        "type": "github"
      },
      "original": {
        "owner": "NixOS",
        "ref": "nixpkgs-unstable",
        "repo": "nixpkgs",
        "type": "github"
      }
    },
    "parsec": {
      "locked": {
        "lastModified": 1635533376,
        "narHash": "sha256-/HrG0UPGnI5VdkhrNrpDiM2+nhdL6lD/bqyGtYv0QDE=",
        "owner": "nprindle",
        "repo": "nix-parsec",
        "rev": "1bf25dd9c5de1257a1c67de3c81c96d05e8beb5e",
        "type": "github"
      },
      "original": {
        "owner": "nprindle",
        "repo": "nix-parsec",
        "type": "github"
      }
    },
    "ps-tools": {
      "inputs": {
        "make-shell": "make-shell_2",
        "nixpkgs": "nixpkgs_2",
        "utils": "utils"
      },
      "locked": {
        "lastModified": 1763800642,
        "narHash": "sha256-cXlr/YOt6n230xQui2eR1ae96LWFA5mtgoNc6F5fNEo=",
        "owner": "mstream",
        "repo": "purescript-tools",
        "rev": "85f9ffc18a7356f5d3c050a25065a7cf3611f56a",
        "type": "github"
      },
      "original": {
        "owner": "mstream",
        "repo": "purescript-tools",
        "type": "github"
      }
    },
    "root": {
      "inputs": {
        "docs-search": "docs-search",
        "get-flake": "get-flake",
        "lint-utils": "lint-utils",
        "make-shell": "make-shell",
        "nixpkgs": "nixpkgs",
        "parsec": "parsec",
        "ps-tools": "ps-tools",
        "utils": "utils_2"
      }
    },
    "utils": {
      "inputs": {
        "flake-utils": "flake-utils_2"
      },
      "locked": {
        "lastModified": 1656044990,
        "narHash": "sha256-f01BB7CaOyntOab9XnpH9HD63rGcnu2iyL4M2ubs5F8=",
        "owner": "ursi",
        "repo": "flake-utils",
        "rev": "f53b674a2c90f6202a2f4cd491aba121775490b5",
        "type": "github"
      },
      "original": {
        "owner": "ursi",
        "ref": "8",
        "repo": "flake-utils",
        "type": "github"
      }
    },
    "utils_2": {
      "inputs": {
        "flake-utils": "flake-utils_3"
      },
      "locked": {
        "lastModified": 1658606827,
        "narHash": "sha256-3kSWTDpV4+uApt/Xd0kv2m7TR1Y6A7SgYUeX86/qYuU=",
        "owner": "ursi",
        "repo": "flake-utils",
        "rev": "faec5f7431da6747a69957a9cd65e35b5173e10a",
        "type": "github"
      },
      "original": {
        "owner": "ursi",
        "ref": "8",
        "repo": "flake-utils",
        "type": "github"
      }
    }
  },
  "root": "root",
  "version": 7
}
